
Microsoft Visual Studio Solution File, Format Version 12.00
# Visual Studio Version 16
VisualStudioVersion = 16.0.30717.126
MinimumVisualStudioVersion = 10.0.40219.1
Project("{F184B08F-C81C-45F6-A57F-5ABD9991F28F}") = "BigPrintWebApp", "BigPrintWebApp\BigPrintWebApp.vbproj", "{CD8E53D2-B177-494B-AE08-1CEEF98E43D7}"
EndProject
Project("{FAE04EC0-301F-11D3-BF4B-00C04F79EFBC}") = "HTPSSystem.TShu", "HTPSSystem.TShu\HTPSSystem.TShu.csproj", "{BE011AC8-1D56-42EC-8ACD-B8C7C80A3DD6}"
EndProject
Global
	GlobalSection(SolutionConfigurationPlatforms) = preSolution
		Debug|Any CPU = Debug|Any CPU
		Release|Any CPU = Release|Any CPU
	EndGlobalSection
	GlobalSection(ProjectConfigurationPlatforms) = postSolution
		{CD8E53D2-B177-494B-AE08-1CEEF98E43D7}.Debug|Any CPU.ActiveCfg = Debug|Any CPU
		{CD8E53D2-B177-494B-AE08-1CEEF98E43D7}.Debug|Any CPU.Build.0 = Debug|Any CPU
		{CD8E53D2-B177-494B-AE08-1CEEF98E43D7}.Release|Any CPU.ActiveCfg = Release|Any CPU
		{CD8E53D2-B177-494B-AE08-1CEEF98E43D7}.Release|Any CPU.Build.0 = Release|Any CPU
		{BE011AC8-1D56-42EC-8ACD-B8C7C80A3DD6}.Debug|Any CPU.ActiveCfg = Debug|Any CPU
		{BE011AC8-1D56-42EC-8ACD-B8C7C80A3DD6}.Debug|Any CPU.Build.0 = Debug|Any CPU
		{BE011AC8-1D56-42EC-8ACD-B8C7C80A3DD6}.Release|Any CPU.ActiveCfg = Release|Any CPU
		{BE011AC8-1D56-42EC-8ACD-B8C7C80A3DD6}.Release|Any CPU.Build.0 = Release|Any CPU
	EndGlobalSection
	GlobalSection(SolutionProperties) = preSolution
		HideSolutionNode = FALSE
	EndGlobalSection
	GlobalSection(ExtensibilityGlobals) = postSolution
		SolutionGuid = {6BCA7606-B820-4BB5-A108-5A9AD2043F9D}
	EndGlobalSection
EndGlobal
